
Microsoft Visual Studio Solution File, Format Version 12.00
# Visual Studio Version 17
VisualStudioVersion = 17.10.35013.160
MinimumVisualStudioVersion = 10.0.40219.1
Project("{FAE04EC0-301F-11D3-BF4B-00C04F79EFBC}") = "RetoTecnico", "RetoTecnico.csproj", "{CF963BAE-E6F4-420F-A9B8-762F284F936E}"
EndProject
Global
	GlobalSection(SolutionConfigurationPlatforms) = preSolution
		Debug|Any CPU = Debug|Any CPU
		Release|Any CPU = Release|Any CPU
	EndGlobalSection
	GlobalSection(ProjectConfigurationPlatforms) = postSolution
		{CF963BAE-E6F4-420F-A9B8-762F284F936E}.Debug|Any CPU.ActiveCfg = Debug|Any CPU
		{CF963BAE-E6F4-420F-A9B8-762F284F936E}.Debug|Any CPU.Build.0 = Debug|Any CPU
		{CF963BAE-E6F4-420F-A9B8-762F284F936E}.Release|Any CPU.ActiveCfg = Release|Any CPU
		{CF963BAE-E6F4-420F-A9B8-762F284F936E}.Release|Any CPU.Build.0 = Release|Any CPU
	EndGlobalSection
	GlobalSection(SolutionProperties) = preSolution
		HideSolutionNode = FALSE
	EndGlobalSection
	GlobalSection(ExtensibilityGlobals) = postSolution
		SolutionGuid = {E0AA4A64-2F9B-47AC-B442-9ED3DB54B4A5}
	EndGlobalSection
EndGlobal
